{
	"name": "@trickfilm400/primagas-api",
	"version": "0.0.2",
	"lockfileVersion": 3,
	"requires": true,
	"packages": {
		"": {
			"name": "@trickfilm400/primagas-api",
			"version": "0.0.2",
			"license": "MIT",
			"dependencies": {
				"@trickfilm400/shvenergy-api-client": "^0.0.1-beta02",
				"axios": "^1.6.7",
				"base64url": "^3.0.1",
				"openid-client": "^5.6.4",
				"randomstring": "^1.3.0"
			},
			"devDependencies": {
				"@types/jsdom": "^21.1.6",
				"@types/node": "^20.11.17",
				"@types/randomstring": "^1.1.11",
				"typescript": "^5.3.3"
			}
		},
		"node_modules/@trickfilm400/shvenergy-api-client": {
			"version": "0.0.1-beta1",
			"resolved": "https://registry.npmjs.org/@trickfilm400/shvenergy-api-client/-/shvenergy-api-client-0.0.1-beta1.tgz",
			"integrity": "sha512-oPwNeyZMX0rp+wxbkSOzOHbBloF2Rra3CpsOLYUcUHV+V1t47Kpcgp+s3Y5jL/L1iT3r1K1GafiSAzd4h3eAAw==",
			"dependencies": {
				"axios": "^0.27.2"
			}
		},
		"node_modules/@trickfilm400/shvenergy-api-client/node_modules/axios": {
			"version": "0.27.2",
			"resolved": "https://registry.npmjs.org/axios/-/axios-0.27.2.tgz",
			"integrity": "sha512-t+yRIyySRTp/wua5xEr+z1q60QmLq8ABsS5O9Me1AsE5dfKqgnCFzwiCZZ/cGNd1lq4/7akDWMxdhVlucjmnOQ==",
			"dependencies": {
				"follow-redirects": "^1.14.9",
				"form-data": "^4.0.0"
			}
		},
		"node_modules/@types/jsdom": {
			"version": "21.1.6",
			"resolved": "https://registry.npmjs.org/@types/jsdom/-/jsdom-21.1.6.tgz",
			"integrity": "sha512-/7kkMsC+/kMs7gAYmmBR9P0vGTnOoLhQhyhQJSlXGI5bzTHp6xdo0TtKWQAsz6pmSAeVqKSbqeyP6hytqr9FDw==",
			"dev": true,
			"dependencies": {
				"@types/node": "*",
				"@types/tough-cookie": "*",
				"parse5": "^7.0.0"
			}
		},
		"node_modules/@types/node": {
			"version": "20.11.17",
			"resolved": "https://registry.npmjs.org/@types/node/-/node-20.11.17.tgz",
			"integrity": "sha512-QmgQZGWu1Yw9TDyAP9ZzpFJKynYNeOvwMJmaxABfieQoVoiVOS6MN1WSpqpRcbeA5+RW82kraAVxCCJg+780Qw==",
			"dev": true,
			"dependencies": {
				"undici-types": "~5.26.4"
			}
		},
		"node_modules/@types/randomstring": {
			"version": "1.1.11",
			"resolved": "https://registry.npmjs.org/@types/randomstring/-/randomstring-1.1.11.tgz",
			"integrity": "sha512-j3y9mKzGyYN5PHWjRv8Ah/ieZlApRbfSb0rBWVrW9Z+z5N1xjZpbBxgVKbO7WAGfnMpvLG2Gg8gRPxo+f0JWmg==",
			"dev": true
		},
		"node_modules/@types/tough-cookie": {
			"version": "4.0.5",
			"resolved": "https://registry.npmjs.org/@types/tough-cookie/-/tough-cookie-4.0.5.tgz",
			"integrity": "sha512-/Ad8+nIOV7Rl++6f1BdKxFSMgmoqEoYbHRpPcx3JEfv8VRsQe9Z4mCXeJBzxs7mbHY/XOZZuXlRNfhpVPbs6ZA==",
			"dev": true
		},
		"node_modules/asynckit": {
			"version": "0.4.0",
			"resolved": "https://registry.npmjs.org/asynckit/-/asynckit-0.4.0.tgz",
			"integrity": "sha512-Oei9OH4tRh0YqU3GxhX79dM/mwVgvbZJaSNaRk+bshkj0S5cfHcgYakreBjrHwatXKbz+IoIdYLxrKim2MjW0Q=="
		},
		"node_modules/axios": {
			"version": "1.6.7",
			"resolved": "https://registry.npmjs.org/axios/-/axios-1.6.7.tgz",
			"integrity": "sha512-/hDJGff6/c7u0hDkvkGxR/oy6CbCs8ziCsC7SqmhjfozqiJGc8Z11wrv9z9lYfY4K8l+H9TpjcMDX0xOZmx+RA==",
			"dependencies": {
				"follow-redirects": "^1.15.4",
				"form-data": "^4.0.0",
				"proxy-from-env": "^1.1.0"
			}
		},
		"node_modules/base64url": {
			"version": "3.0.1",
			"resolved": "https://registry.npmjs.org/base64url/-/base64url-3.0.1.tgz",
			"integrity": "sha512-ir1UPr3dkwexU7FdV8qBBbNDRUhMmIekYMFZfi+C/sLNnRESKPl23nB9b2pltqfOQNnGzsDdId90AEtG5tCx4A==",
			"engines": {
				"node": ">=6.0.0"
			}
		},
		"node_modules/combined-stream": {
			"version": "1.0.8",
			"resolved": "https://registry.npmjs.org/combined-stream/-/combined-stream-1.0.8.tgz",
			"integrity": "sha512-FQN4MRfuJeHf7cBbBMJFXhKSDq+2kAArBlmRBvcvFE5BB1HZKXtSFASDhdlz9zOYwxh8lDdnvmMOe/+5cdoEdg==",
			"dependencies": {
				"delayed-stream": "~1.0.0"
			},
			"engines": {
				"node": ">= 0.8"
			}
		},
		"node_modules/delayed-stream": {
			"version": "1.0.0",
			"resolved": "https://registry.npmjs.org/delayed-stream/-/delayed-stream-1.0.0.tgz",
			"integrity": "sha512-ZySD7Nf91aLB0RxL4KGrKHBXl7Eds1DAmEdcoVawXnLD7SDhpNgtuII2aAkg7a7QS41jxPSZ17p4VdGnMHk3MQ==",
			"engines": {
				"node": ">=0.4.0"
			}
		},
		"node_modules/entities": {
			"version": "4.5.0",
			"resolved": "https://registry.npmjs.org/entities/-/entities-4.5.0.tgz",
			"integrity": "sha512-V0hjH4dGPh9Ao5p0MoRY6BVqtwCjhz6vI5LT8AJ55H+4g9/4vbHx1I54fS0XuclLhDHArPQCiMjDxjaL8fPxhw==",
			"dev": true,
			"engines": {
				"node": ">=0.12"
			},
			"funding": {
				"url": "https://github.com/fb55/entities?sponsor=1"
			}
		},
		"node_modules/follow-redirects": {
			"version": "1.15.5",
			"resolved": "https://registry.npmjs.org/follow-redirects/-/follow-redirects-1.15.5.tgz",
			"integrity": "sha512-vSFWUON1B+yAw1VN4xMfxgn5fTUiaOzAJCKBwIIgT/+7CuGy9+r+5gITvP62j3RmaD5Ph65UaERdOSRGUzZtgw==",
			"funding": [
				{
					"type": "individual",
					"url": "https://github.com/sponsors/RubenVerborgh"
				}
			],
			"engines": {
				"node": ">=4.0"
			},
			"peerDependenciesMeta": {
				"debug": {
					"optional": true
				}
			}
		},
		"node_modules/form-data": {
			"version": "4.0.0",
			"resolved": "https://registry.npmjs.org/form-data/-/form-data-4.0.0.tgz",
			"integrity": "sha512-ETEklSGi5t0QMZuiXoA/Q6vcnxcLQP5vdugSpuAyi6SVGi2clPPp+xgEhuMaHC+zGgn31Kd235W35f7Hykkaww==",
			"dependencies": {
				"asynckit": "^0.4.0",
				"combined-stream": "^1.0.8",
				"mime-types": "^2.1.12"
			},
			"engines": {
				"node": ">= 6"
			}
		},
		"node_modules/jose": {
			"version": "4.15.4",
			"resolved": "https://registry.npmjs.org/jose/-/jose-4.15.4.tgz",
			"integrity": "sha512-W+oqK4H+r5sITxfxpSU+MMdr/YSWGvgZMQDIsNoBDGGy4i7GBPTtvFKibQzW06n3U3TqHjhvBJsirShsEJ6eeQ==",
			"funding": {
				"url": "https://github.com/sponsors/panva"
			}
		},
		"node_modules/lru-cache": {
			"version": "6.0.0",
			"resolved": "https://registry.npmjs.org/lru-cache/-/lru-cache-6.0.0.tgz",
			"integrity": "sha512-Jo6dJ04CmSjuznwJSS3pUeWmd/H0ffTlkXXgwZi+eq1UCmqQwCh+eLsYOYCwY991i2Fah4h1BEMCx4qThGbsiA==",
			"dependencies": {
				"yallist": "^4.0.0"
			},
			"engines": {
				"node": ">=10"
			}
		},
		"node_modules/mime-db": {
			"version": "1.52.0",
			"resolved": "https://registry.npmjs.org/mime-db/-/mime-db-1.52.0.tgz",
			"integrity": "sha512-sPU4uV7dYlvtWJxwwxHD0PuihVNiE7TyAbQ5SWxDCB9mUYvOgroQOwYQQOKPJ8CIbE+1ETVlOoK1UC2nU3gYvg==",
			"engines": {
				"node": ">= 0.6"
			}
		},
		"node_modules/mime-types": {
			"version": "2.1.35",
			"resolved": "https://registry.npmjs.org/mime-types/-/mime-types-2.1.35.tgz",
			"integrity": "sha512-ZDY+bPm5zTTF+YpCrAU9nK0UgICYPT0QtT1NZWFv4s++TNkcgVaT0g6+4R2uI4MjQjzysHB1zxuWL50hzaeXiw==",
			"dependencies": {
				"mime-db": "1.52.0"
			},
			"engines": {
				"node": ">= 0.6"
			}
		},
		"node_modules/object-hash": {
			"version": "2.2.0",
			"resolved": "https://registry.npmjs.org/object-hash/-/object-hash-2.2.0.tgz",
			"integrity": "sha512-gScRMn0bS5fH+IuwyIFgnh9zBdo4DV+6GhygmWM9HyNJSgS0hScp1f5vjtm7oIIOiT9trXrShAkLFSc2IqKNgw==",
			"engines": {
				"node": ">= 6"
			}
		},
		"node_modules/oidc-token-hash": {
			"version": "5.0.3",
			"resolved": "https://registry.npmjs.org/oidc-token-hash/-/oidc-token-hash-5.0.3.tgz",
			"integrity": "sha512-IF4PcGgzAr6XXSff26Sk/+P4KZFJVuHAJZj3wgO3vX2bMdNVp/QXTP3P7CEm9V1IdG8lDLY3HhiqpsE/nOwpPw==",
			"engines": {
				"node": "^10.13.0 || >=12.0.0"
			}
		},
		"node_modules/openid-client": {
			"version": "5.6.4",
			"resolved": "https://registry.npmjs.org/openid-client/-/openid-client-5.6.4.tgz",
			"integrity": "sha512-T1h3B10BRPKfcObdBklX639tVz+xh34O7GjofqrqiAQdm7eHsQ00ih18x6wuJ/E6FxdtS2u3FmUGPDeEcMwzNA==",
			"dependencies": {
				"jose": "^4.15.4",
				"lru-cache": "^6.0.0",
				"object-hash": "^2.2.0",
				"oidc-token-hash": "^5.0.3"
			},
			"funding": {
				"url": "https://github.com/sponsors/panva"
			}
		},
		"node_modules/parse5": {
			"version": "7.1.2",
			"resolved": "https://registry.npmjs.org/parse5/-/parse5-7.1.2.tgz",
			"integrity": "sha512-Czj1WaSVpaoj0wbhMzLmWD69anp2WH7FXMB9n1Sy8/ZFF9jolSQVMu1Ij5WIyGmcBmhk7EOndpO4mIpihVqAXw==",
			"dev": true,
			"dependencies": {
				"entities": "^4.4.0"
			},
			"funding": {
				"url": "https://github.com/inikulin/parse5?sponsor=1"
			}
		},
		"node_modules/proxy-from-env": {
			"version": "1.1.0",
			"resolved": "https://registry.npmjs.org/proxy-from-env/-/proxy-from-env-1.1.0.tgz",
			"integrity": "sha512-D+zkORCbA9f1tdWRK0RaCR3GPv50cMxcrz4X8k5LTSUD1Dkw47mKJEZQNunItRTkWwgtaUSo1RVFRIG9ZXiFYg=="
		},
		"node_modules/randombytes": {
			"version": "2.0.3",
			"resolved": "https://registry.npmjs.org/randombytes/-/randombytes-2.0.3.tgz",
			"integrity": "sha512-lDVjxQQFoCG1jcrP06LNo2lbWp4QTShEXnhActFBwYuHprllQV6VUpwreApsYqCgD+N1mHoqJ/BI/4eV4R2GYg=="
		},
		"node_modules/randomstring": {
			"version": "1.3.0",
			"resolved": "https://registry.npmjs.org/randomstring/-/randomstring-1.3.0.tgz",
			"integrity": "sha512-gY7aQ4i1BgwZ8I1Op4YseITAyiDiajeZOPQUbIq9TPGPhUm5FX59izIaOpmKbME1nmnEiABf28d9K2VSii6BBg==",
			"dependencies": {
				"randombytes": "2.0.3"
			},
			"bin": {
				"randomstring": "bin/randomstring"
			},
			"engines": {
				"node": "*"
			}
		},
		"node_modules/typescript": {
			"version": "5.3.3",
			"resolved": "https://registry.npmjs.org/typescript/-/typescript-5.3.3.tgz",
			"integrity": "sha512-pXWcraxM0uxAS+tN0AG/BF2TyqmHO014Z070UsJ+pFvYuRSq8KH8DmWpnbXe0pEPDHXZV3FcAbJkijJ5oNEnWw==",
			"dev": true,
			"bin": {
				"tsc": "bin/tsc",
				"tsserver": "bin/tsserver"
			},
			"engines": {
				"node": ">=14.17"
			}
		},
		"node_modules/undici-types": {
			"version": "5.26.5",
			"resolved": "https://registry.npmjs.org/undici-types/-/undici-types-5.26.5.tgz",
			"integrity": "sha512-JlCMO+ehdEIKqlFxk6IfVoAUVmgz7cU7zD/h9XZ0qzeosSHmUJVOzSQvvYSYWXkFXC+IfLKSIffhv0sVZup6pA==",
			"dev": true
		},
		"node_modules/yallist": {
			"version": "4.0.0",
			"resolved": "https://registry.npmjs.org/yallist/-/yallist-4.0.0.tgz",
			"integrity": "sha512-3wdGidZyq5PB084XLES5TpOSRA3wjXAlIWMhum2kRcv/41Sn2emQ0dycQW4uZXLejwKvg6EsvbdlVL+FYEct7A=="
		}
	}
}
